// !$*UTF8*$!
{
	archiveVersion = 1;
	classes = {
	};
	objectVersion = 77;
	objects = {

/* Begin PBXBuildFile section */
		0277F30E96C220D3B1D440FA /* GolfRound.swift in Sources */ = {isa = PBXBuildFile; fileRef = 1A190EA9FF0D364D76EBD2CB /* GolfRound.swift */; };
		068BC027F5B7AF9670852DD7 /* PracticeView.swift in Sources */ = {isa = PBXBuildFile; fileRef = 04FC946F915EFE4E11A39C4F /* PracticeView.swift */; };
		0A0357AEED722B6287D4423B /* Animations.swift in Sources */ = {isa = PBXBuildFile; fileRef = C80A206D0B492A2CB0B20E5A /* Animations.swift */; };
		0B6E544AB55D771794DF55C7 /* Assets.xcassets in Resources */ = {isa = PBXBuildFile; fileRef = 166675E65E6D205C665D0547 /* Assets.xcassets */; };
		0B95FE8551D22C4C84210197 /* SubscriptionView.swift in Sources */ = {isa = PBXBuildFile; fileRef = AAFDE08744C21085993E4FCF /* SubscriptionView.swift */; };
		0C7EB7D590152659FC009353 /* NotificationManager.swift in Sources */ = {isa = PBXBuildFile; fileRef = A66AB2BD1DE56F36BD3468DF /* NotificationManager.swift */; };
		0F1A94B5E5BF69B6DD6E89DA /* HoleLoggerView.swift in Sources */ = {isa = PBXBuildFile; fileRef = 2029C41CF9132780745EFDC1 /* HoleLoggerView.swift */; };
		0FFB7002E279218FA378B8DA /* Goal.swift in Sources */ = {isa = PBXBuildFile; fileRef = 7E3F5564A186B01D3C1E24D5 /* Goal.swift */; };
		1613B5D8B337B3F882223B4E /* WidgetDataWriter.swift in Sources */ = {isa = PBXBuildFile; fileRef = 431A3F8906A96BB5D387ACBC /* WidgetDataWriter.swift */; };
		19BC178DDC6A13522B11B8EF /* ShotTrackerView.swift in Sources */ = {isa = PBXBuildFile; fileRef = 14960CBB7F4FF76DF2E25F53 /* ShotTrackerView.swift */; };
		19D43025DAEA6DE6C08454DC /* RoundComparisonView.swift in Sources */ = {isa = PBXBuildFile; fileRef = 93FAE70CF37F6F93BA65B3DB /* RoundComparisonView.swift */; };
		1BF477BC907BA487574FF8A6 /* CommunityCourseBrowser.swift in Sources */ = {isa = PBXBuildFile; fileRef = 8C0A9424E58BA01F0DF68899 /* CommunityCourseBrowser.swift */; };
		1F5237529F9253B4A7748785 /* StatsView.swift in Sources */ = {isa = PBXBuildFile; fileRef = FFB79DB0BD05A615E7380040 /* StatsView.swift */; };
		1F77E15EBD32E90DC2AC0B43 /* BundledCourseBrowser.swift in Sources */ = {isa = PBXBuildFile; fileRef = 25E232E3A02DF5CD3BDE52E1 /* BundledCourseBrowser.swift */; };
		22C18033DC9AFDF36BB80435 /* AchievementsView.swift in Sources */ = {isa = PBXBuildFile; fileRef = BE40FC015A98200D67B52F73 /* AchievementsView.swift */; };
		25DD465A0D8B9E5B44B2E967 /* WatchRoundView.swift in Sources */ = {isa = PBXBuildFile; fileRef = 1AD59C5DDF2848A4B66C1897 /* WatchRoundView.swift */; };
		2A44232C8D91B167D6E43330 /* TeeMetricsWidgets.swift in Sources */ = {isa = PBXBuildFile; fileRef = CC7B4C190364C0C2E910725D /* TeeMetricsWidgets.swift */; };
		2F514EDFCB64BF6D36EA2287 /* RoundCardRenderer.swift in Sources */ = {isa = PBXBuildFile; fileRef = 8498D563D458B0F9B4A7F746 /* RoundCardRenderer.swift */; };
		32CC67682FF762B5ABC4E1A1 /* RoundDetailView.swift in Sources */ = {isa = PBXBuildFile; fileRef = 1E6000A36E6B7872064483C3 /* RoundDetailView.swift */; };
		33CC622C196ACCE7C67F6978 /* TeeMetricsWidgets.appex in Embed Foundation Extensions */ = {isa = PBXBuildFile; fileRef = 612A61F79CA05F29B9411A9D /* TeeMetricsWidgets.appex */; settings = {ATTRIBUTES = (RemoveHeadersOnCopy, ); }; };
		388DC91EA8C6040F76EF0656 /* BagManagerView.swift in Sources */ = {isa = PBXBuildFile; fileRef = 946CBD452C5A0EB3BE69D03B /* BagManagerView.swift */; };
		46411A9E2143D85E77D09D31 /* CourseLibraryView.swift in Sources */ = {isa = PBXBuildFile; fileRef = 9D4786DB8082A8DDE0DAB2E4 /* CourseLibraryView.swift */; };
		51EB6413E6D266D4631922AF /* GoalsView.swift in Sources */ = {isa = PBXBuildFile; fileRef = A05A1091D0BC5B92DF719F5F /* GoalsView.swift */; };
		5299670E55D4E43E02C90DB5 /* CourseDetection.swift in Sources */ = {isa = PBXBuildFile; fileRef = 62BC17E082D0FAEDC95F5FA2 /* CourseDetection.swift */; };
		542C9D1FDF22494B117F7F06 /* SettingsView.swift in Sources */ = {isa = PBXBuildFile; fileRef = 8D67048F5FDC6701B69E25AD /* SettingsView.swift */; };
		5F4C6E3D8A6AACBE476BA620 /* GatingManager.swift in Sources */ = {isa = PBXBuildFile; fileRef = 3AFE15565C73F6641AEA2F1D /* GatingManager.swift */; };
		62BD9DDB6BC7C14AF5962078 /* HoleEntry.swift in Sources */ = {isa = PBXBuildFile; fileRef = 2DA0C2D68970929EC9227461 /* HoleEntry.swift */; };
		631F0151A59825004C415789 /* TeeMetricsWatch.app in Embed Watch Content */ = {isa = PBXBuildFile; fileRef = 5A2BF81790B4EC2CB0B59DE3 /* TeeMetricsWatch.app */; settings = {ATTRIBUTES = (RemoveHeadersOnCopy, ); }; };
		6874A96CD56CA1A72C4277E7 /* courses.json in Resources */ = {isa = PBXBuildFile; fileRef = 689F7B879498357465071C63 /* courses.json */; };
		69D183CE643FCF0F2B555F0D /* Theme.swift in Sources */ = {isa = PBXBuildFile; fileRef = 6F99AB047548AF301A8D9819 /* Theme.swift */; };
		69EB937E9A5F9523FB4920F6 /* TeeMetricsApp.swift in Sources */ = {isa = PBXBuildFile; fileRef = E9C330B5A5D61F4900D7680F /* TeeMetricsApp.swift */; };
		6E55FD98FD809081C7187D03 /* CloudKitCourseService.swift in Sources */ = {isa = PBXBuildFile; fileRef = DD0AD36A488F32B7D0FB714B /* CloudKitCourseService.swift */; };
		70203590CA6EA1B4BB171F14 /* TeeMetricsWatchApp.swift in Sources */ = {isa = PBXBuildFile; fileRef = C5C427A86C9C46F5B7A5FD33 /* TeeMetricsWatchApp.swift */; };
		7101ED0F431CE97AEF78814E /* StatsCalculator.swift in Sources */ = {isa = PBXBuildFile; fileRef = 43C57B7D5554776D69355AD6 /* StatsCalculator.swift */; };
		7E0D533E0BD67EC4CC30DC4A /* PDFReportGenerator.swift in Sources */ = {isa = PBXBuildFile; fileRef = 0723E1E4CC2E621F4C7C7ABF /* PDFReportGenerator.swift */; };
		7E9924B52BA84832F1E0BA1F /* LiveRoundView.swift in Sources */ = {isa = PBXBuildFile; fileRef = 64407A2DF6F639AF6C7D8A96 /* LiveRoundView.swift */; };
		88D9B2385A6101009B038ABB /* AddCourseView.swift in Sources */ = {isa = PBXBuildFile; fileRef = 73A8C1587193132A05CCB37E /* AddCourseView.swift */; };
		9CA4B22793F4F03629CB6106 /* MainTabView.swift in Sources */ = {isa = PBXBuildFile; fileRef = 9BF7C29AF33F8FDC0759CBDF /* MainTabView.swift */; };
		9D8800F2093823FA7595ED5C /* Constants.swift in Sources */ = {isa = PBXBuildFile; fileRef = A166A18E04C2B2B377F655B7 /* Constants.swift */; };
		A16E72AC8ADFCFD99143E59D /* Club.swift in Sources */ = {isa = PBXBuildFile; fileRef = B8C18E0B201AF55357AA7748 /* Club.swift */; };
		AC64EF39D78387E5155C91B1 /* HoleGPSEditorView.swift in Sources */ = {isa = PBXBuildFile; fileRef = 09B98F37A7BF6FBE12730180 /* HoleGPSEditorView.swift */; };
		AE5AEAB2357484D427DD4C0C /* BundledCourseImporter.swift in Sources */ = {isa = PBXBuildFile; fileRef = E0E0864A0A1222C09AD60F17 /* BundledCourseImporter.swift */; };
		AED7DA454C8F564199DBD3D4 /* ShotEntry.swift in Sources */ = {isa = PBXBuildFile; fileRef = 3BF1584F6F81F572648D28F9 /* ShotEntry.swift */; };
		B19811225D449DC338534A02 /* DashboardView.swift in Sources */ = {isa = PBXBuildFile; fileRef = 0346D649C3043D92F91A60A6 /* DashboardView.swift */; };
		B8ECD1B2E20D68575CDD2ABB /* OnboardingView.swift in Sources */ = {isa = PBXBuildFile; fileRef = B2BCA28310C4C023DFD03C1C /* OnboardingView.swift */; };
		BD099EC3995B86DF0131D533 /* RoundCelebrationView.swift in Sources */ = {isa = PBXBuildFile; fileRef = 48CF769177934A484B86903D /* RoundCelebrationView.swift */; };
		C05B8BB80AE8221592DF70DD /* NewRoundView.swift in Sources */ = {isa = PBXBuildFile; fileRef = 064E3F0B0907FB9D73CD9F22 /* NewRoundView.swift */; };
		C12F6FB2194D97E4250EAC50 /* LaunchScreen.storyboard in Resources */ = {isa = PBXBuildFile; fileRef = B8E5637555D1FE5D84F9031D /* LaunchScreen.storyboard */; };
		C2A5D4B40C6A29D52236412C /* RoundHistoryView.swift in Sources */ = {isa = PBXBuildFile; fileRef = 3C74CEFE744F3F9DB38F52ED /* RoundHistoryView.swift */; };
		C76AADBBC73BADEA8DF3E5B6 /* AchievementsManager.swift in Sources */ = {isa = PBXBuildFile; fileRef = 115EF93430995F29C9CA56F0 /* AchievementsManager.swift */; };
		CDEF46FDAE6F1062F6E41BF8 /* AppIntents.swift in Sources */ = {isa = PBXBuildFile; fileRef = 5626AA1A763543128A03335F /* AppIntents.swift */; };
		D135781E9EAC3F471C2DA272 /* GolfCourse.swift in Sources */ = {isa = PBXBuildFile; fileRef = 8983552E94AAA741CC3682B1 /* GolfCourse.swift */; };
		DB4ABB6F96D2A844C37C7BFD /* Extensions.swift in Sources */ = {isa = PBXBuildFile; fileRef = 288E5CC01898AA4A21C80BB9 /* Extensions.swift */; };
		DC86E5E963D7B2E959205D96 /* BagTemplatePicker.swift in Sources */ = {isa = PBXBuildFile; fileRef = 562C093DB065549BD2C20BAB /* BagTemplatePicker.swift */; };
		DF7F314AB8BD6170D4D1114F /* ClubRecommendation.swift in Sources */ = {isa = PBXBuildFile; fileRef = D7E4E9D682ED4B7E2F819219 /* ClubRecommendation.swift */; };
		E4F1EF70E831E3CA6D29AA4D /* SubscriptionManager.swift in Sources */ = {isa = PBXBuildFile; fileRef = 2D4DAC4803D4149B36478C0E /* SubscriptionManager.swift */; };
		E9A02288CC40A7E1D331898A /* SampleDataSeeder.swift in Sources */ = {isa = PBXBuildFile; fileRef = 8AE83875DB167C65DBE9DF1D /* SampleDataSeeder.swift */; };
		F46F208163FACAC49215C833 /* PracticeSession.swift in Sources */ = {isa = PBXBuildFile; fileRef = 4A4ED5C39AE90B750203D81B /* PracticeSession.swift */; };
		FF64EB26E403A772D293DA48 /* Golfer.swift in Sources */ = {isa = PBXBuildFile; fileRef = 2E8EE5277514C2FB628CAD43 /* Golfer.swift */; };
/* End PBXBuildFile section */

/* Begin PBXContainerItemProxy section */
		30209A567B65AE3C5690D7B6 /* PBXContainerItemProxy */ = {
			isa = PBXContainerItemProxy;
			containerPortal = 092061C5D0D8460B07917F33 /* Project object */;
			proxyType = 1;
			remoteGlobalIDString = E897F372C6E918DCAA9264E5;
			remoteInfo = TeeMetricsWatch;
		};
		3E450E851BA2FB69E2C8BCE0 /* PBXContainerItemProxy */ = {
			isa = PBXContainerItemProxy;
			containerPortal = 092061C5D0D8460B07917F33 /* Project object */;
			proxyType = 1;
			remoteGlobalIDString = 384AA19374E12311167D6182;
			remoteInfo = TeeMetricsWidgets;
		};
/* End PBXContainerItemProxy section */

/* Begin PBXCopyFilesBuildPhase section */
		1CE3374845E0DD370EB03732 /* Embed Watch Content */ = {
			isa = PBXCopyFilesBuildPhase;
			buildActionMask = 2147483647;
			dstPath = "$(CONTENTS_FOLDER_PATH)/Watch";
			dstSubfolderSpec = 16;
			files = (
				631F0151A59825004C415789 /* TeeMetricsWatch.app in Embed Watch Content */,
			);
			name = "Embed Watch Content";
			runOnlyForDeploymentPostprocessing = 0;
		};
		BBC0E5B77637D20D0B2B9908 /* Embed Foundation Extensions */ = {
			isa = PBXCopyFilesBuildPhase;
			buildActionMask = 2147483647;
			dstPath = "";
			dstSubfolderSpec = 13;
			files = (
				33CC622C196ACCE7C67F6978 /* TeeMetricsWidgets.appex in Embed Foundation Extensions */,
			);
			name = "Embed Foundation Extensions";
			runOnlyForDeploymentPostprocessing = 0;
		};
/* End PBXCopyFilesBuildPhase section */

/* Begin PBXFileReference section */
		0346D649C3043D92F91A60A6 /* DashboardView.swift */ = {isa = PBXFileReference; lastKnownFileType = sourcecode.swift; path = DashboardView.swift; sourceTree = "<group>"; };
		04FC946F915EFE4E11A39C4F /* PracticeView.swift */ = {isa = PBXFileReference; lastKnownFileType = sourcecode.swift; path = PracticeView.swift; sourceTree = "<group>"; };
		064E3F0B0907FB9D73CD9F22 /* NewRoundView.swift */ = {isa = PBXFileReference; lastKnownFileType = sourcecode.swift; path = NewRoundView.swift; sourceTree = "<group>"; };
		0723E1E4CC2E621F4C7C7ABF /* PDFReportGenerator.swift */ = {isa = PBXFileReference; lastKnownFileType = sourcecode.swift; path = PDFReportGenerator.swift; sourceTree = "<group>"; };
		09B98F37A7BF6FBE12730180 /* HoleGPSEditorView.swift */ = {isa = PBXFileReference; lastKnownFileType = sourcecode.swift; path = HoleGPSEditorView.swift; sourceTree = "<group>"; };
		115EF93430995F29C9CA56F0 /* AchievementsManager.swift */ = {isa = PBXFileReference; lastKnownFileType = sourcecode.swift; path = AchievementsManager.swift; sourceTree = "<group>"; };
		14960CBB7F4FF76DF2E25F53 /* ShotTrackerView.swift */ = {isa = PBXFileReference; lastKnownFileType = sourcecode.swift; path = ShotTrackerView.swift; sourceTree = "<group>"; };
		166675E65E6D205C665D0547 /* Assets.xcassets */ = {isa = PBXFileReference; lastKnownFileType = folder.assetcatalog; path = Assets.xcassets; sourceTree = "<group>"; };
		1A190EA9FF0D364D76EBD2CB /* GolfRound.swift */ = {isa = PBXFileReference; lastKnownFileType = sourcecode.swift; path = GolfRound.swift; sourceTree = "<group>"; };
		1AD59C5DDF2848A4B66C1897 /* WatchRoundView.swift */ = {isa = PBXFileReference; lastKnownFileType = sourcecode.swift; path = WatchRoundView.swift; sourceTree = "<group>"; };
		1E6000A36E6B7872064483C3 /* RoundDetailView.swift */ = {isa = PBXFileReference; lastKnownFileType = sourcecode.swift; path = RoundDetailView.swift; sourceTree = "<group>"; };
		2029C41CF9132780745EFDC1 /* HoleLoggerView.swift */ = {isa = PBXFileReference; lastKnownFileType = sourcecode.swift; path = HoleLoggerView.swift; sourceTree = "<group>"; };
		25E232E3A02DF5CD3BDE52E1 /* BundledCourseBrowser.swift */ = {isa = PBXFileReference; lastKnownFileType = sourcecode.swift; path = BundledCourseBrowser.swift; sourceTree = "<group>"; };
		288E5CC01898AA4A21C80BB9 /* Extensions.swift */ = {isa = PBXFileReference; lastKnownFileType = sourcecode.swift; path = Extensions.swift; sourceTree = "<group>"; };
		2D4DAC4803D4149B36478C0E /* SubscriptionManager.swift */ = {isa = PBXFileReference; lastKnownFileType = sourcecode.swift; path = SubscriptionManager.swift; sourceTree = "<group>"; };
		2DA0C2D68970929EC9227461 /* HoleEntry.swift */ = {isa = PBXFileReference; lastKnownFileType = sourcecode.swift; path = HoleEntry.swift; sourceTree = "<group>"; };
		2E8EE5277514C2FB628CAD43 /* Golfer.swift */ = {isa = PBXFileReference; lastKnownFileType = sourcecode.swift; path = Golfer.swift; sourceTree = "<group>"; };
		3AFE15565C73F6641AEA2F1D /* GatingManager.swift */ = {isa = PBXFileReference; lastKnownFileType = sourcecode.swift; path = GatingManager.swift; sourceTree = "<group>"; };
		3BF1584F6F81F572648D28F9 /* ShotEntry.swift */ = {isa = PBXFileReference; lastKnownFileType = sourcecode.swift; path = ShotEntry.swift; sourceTree = "<group>"; };
		3C74CEFE744F3F9DB38F52ED /* RoundHistoryView.swift */ = {isa = PBXFileReference; lastKnownFileType = sourcecode.swift; path = RoundHistoryView.swift; sourceTree = "<group>"; };
		42F35D0AA82E2CA9AB7617D0 /* TeeMetricsWidgets.entitlements */ = {isa = PBXFileReference; lastKnownFileType = text.plist.entitlements; path = TeeMetricsWidgets.entitlements; sourceTree = "<group>"; };
		431A3F8906A96BB5D387ACBC /* WidgetDataWriter.swift */ = {isa = PBXFileReference; lastKnownFileType = sourcecode.swift; path = WidgetDataWriter.swift; sourceTree = "<group>"; };
		43C57B7D5554776D69355AD6 /* StatsCalculator.swift */ = {isa = PBXFileReference; lastKnownFileType = sourcecode.swift; path = StatsCalculator.swift; sourceTree = "<group>"; };
		48CF769177934A484B86903D /* RoundCelebrationView.swift */ = {isa = PBXFileReference; lastKnownFileType = sourcecode.swift; path = RoundCelebrationView.swift; sourceTree = "<group>"; };
		4A4ED5C39AE90B750203D81B /* PracticeSession.swift */ = {isa = PBXFileReference; lastKnownFileType = sourcecode.swift; path = PracticeSession.swift; sourceTree = "<group>"; };
		5626AA1A763543128A03335F /* AppIntents.swift */ = {isa = PBXFileReference; lastKnownFileType = sourcecode.swift; path = AppIntents.swift; sourceTree = "<group>"; };
		562C093DB065549BD2C20BAB /* BagTemplatePicker.swift */ = {isa = PBXFileReference; lastKnownFileType = sourcecode.swift; path = BagTemplatePicker.swift; sourceTree = "<group>"; };
		59F3D25914441BF01FC9CE66 /* TeeMetrics.app */ = {isa = PBXFileReference; explicitFileType = wrapper.application; includeInIndex = 0; path = TeeMetrics.app; sourceTree = BUILT_PRODUCTS_DIR; };
		5A2BF81790B4EC2CB0B59DE3 /* TeeMetricsWatch.app */ = {isa = PBXFileReference; explicitFileType = wrapper.application; includeInIndex = 0; path = TeeMetricsWatch.app; sourceTree = BUILT_PRODUCTS_DIR; };
		612A61F79CA05F29B9411A9D /* TeeMetricsWidgets.appex */ = {isa = PBXFileReference; explicitFileType = "wrapper.app-extension"; includeInIndex = 0; path = TeeMetricsWidgets.appex; sourceTree = BUILT_PRODUCTS_DIR; };
		62BC17E082D0FAEDC95F5FA2 /* CourseDetection.swift */ = {isa = PBXFileReference; lastKnownFileType = sourcecode.swift; path = CourseDetection.swift; sourceTree = "<group>"; };
		64407A2DF6F639AF6C7D8A96 /* LiveRoundView.swift */ = {isa = PBXFileReference; lastKnownFileType = sourcecode.swift; path = LiveRoundView.swift; sourceTree = "<group>"; };
		689F7B879498357465071C63 /* courses.json */ = {isa = PBXFileReference; lastKnownFileType = text.json; path = courses.json; sourceTree = "<group>"; };
		6F99AB047548AF301A8D9819 /* Theme.swift */ = {isa = PBXFileReference; lastKnownFileType = sourcecode.swift; path = Theme.swift; sourceTree = "<group>"; };
		73A8C1587193132A05CCB37E /* AddCourseView.swift */ = {isa = PBXFileReference; lastKnownFileType = sourcecode.swift; path = AddCourseView.swift; sourceTree = "<group>"; };
		7E3F5564A186B01D3C1E24D5 /* Goal.swift */ = {isa = PBXFileReference; lastKnownFileType = sourcecode.swift; path = Goal.swift; sourceTree = "<group>"; };
		8498D563D458B0F9B4A7F746 /* RoundCardRenderer.swift */ = {isa = PBXFileReference; lastKnownFileType = sourcecode.swift; path = RoundCardRenderer.swift; sourceTree = "<group>"; };
		87C278164DB5A45EBB47B5B3 /* Info.plist */ = {isa = PBXFileReference; lastKnownFileType = text.plist; path = Info.plist; sourceTree = "<group>"; };
		8983552E94AAA741CC3682B1 /* GolfCourse.swift */ = {isa = PBXFileReference; lastKnownFileType = sourcecode.swift; path = GolfCourse.swift; sourceTree = "<group>"; };
		8AE83875DB167C65DBE9DF1D /* SampleDataSeeder.swift */ = {isa = PBXFileReference; lastKnownFileType = sourcecode.swift; path = SampleDataSeeder.swift; sourceTree = "<group>"; };
		8C0A9424E58BA01F0DF68899 /* CommunityCourseBrowser.swift */ = {isa = PBXFileReference; lastKnownFileType = sourcecode.swift; path = CommunityCourseBrowser.swift; sourceTree = "<group>"; };
		8D67048F5FDC6701B69E25AD /* SettingsView.swift */ = {isa = PBXFileReference; lastKnownFileType = sourcecode.swift; path = SettingsView.swift; sourceTree = "<group>"; };
		93FAE70CF37F6F93BA65B3DB /* RoundComparisonView.swift */ = {isa = PBXFileReference; lastKnownFileType = sourcecode.swift; path = RoundComparisonView.swift; sourceTree = "<group>"; };
		946CBD452C5A0EB3BE69D03B /* BagManagerView.swift */ = {isa = PBXFileReference; lastKnownFileType = sourcecode.swift; path = BagManagerView.swift; sourceTree = "<group>"; };
		9BF7C29AF33F8FDC0759CBDF /* MainTabView.swift */ = {isa = PBXFileReference; lastKnownFileType = sourcecode.swift; path = MainTabView.swift; sourceTree = "<group>"; };
		9D4786DB8082A8DDE0DAB2E4 /* CourseLibraryView.swift */ = {isa = PBXFileReference; lastKnownFileType = sourcecode.swift; path = CourseLibraryView.swift; sourceTree = "<group>"; };
		A05A1091D0BC5B92DF719F5F /* GoalsView.swift */ = {isa = PBXFileReference; lastKnownFileType = sourcecode.swift; path = GoalsView.swift; sourceTree = "<group>"; };
		A166A18E04C2B2B377F655B7 /* Constants.swift */ = {isa = PBXFileReference; lastKnownFileType = sourcecode.swift; path = Constants.swift; sourceTree = "<group>"; };
		A66AB2BD1DE56F36BD3468DF /* NotificationManager.swift */ = {isa = PBXFileReference; lastKnownFileType = sourcecode.swift; path = NotificationManager.swift; sourceTree = "<group>"; };
		AAFDE08744C21085993E4FCF /* SubscriptionView.swift */ = {isa = PBXFileReference; lastKnownFileType = sourcecode.swift; path = SubscriptionView.swift; sourceTree = "<group>"; };
		B2BCA28310C4C023DFD03C1C /* OnboardingView.swift */ = {isa = PBXFileReference; lastKnownFileType = sourcecode.swift; path = OnboardingView.swift; sourceTree = "<group>"; };
		B8C18E0B201AF55357AA7748 /* Club.swift */ = {isa = PBXFileReference; lastKnownFileType = sourcecode.swift; path = Club.swift; sourceTree = "<group>"; };
		B8E5637555D1FE5D84F9031D /* LaunchScreen.storyboard */ = {isa = PBXFileReference; lastKnownFileType = file.storyboard; path = LaunchScreen.storyboard; sourceTree = "<group>"; };
		BE40FC015A98200D67B52F73 /* AchievementsView.swift */ = {isa = PBXFileReference; lastKnownFileType = sourcecode.swift; path = AchievementsView.swift; sourceTree = "<group>"; };
		C5C427A86C9C46F5B7A5FD33 /* TeeMetricsWatchApp.swift */ = {isa = PBXFileReference; lastKnownFileType = sourcecode.swift; path = TeeMetricsWatchApp.swift; sourceTree = "<group>"; };
		C80A206D0B492A2CB0B20E5A /* Animations.swift */ = {isa = PBXFileReference; lastKnownFileType = sourcecode.swift; path = Animations.swift; sourceTree = "<group>"; };
		CC7B4C190364C0C2E910725D /* TeeMetricsWidgets.swift */ = {isa = PBXFileReference; lastKnownFileType = sourcecode.swift; path = TeeMetricsWidgets.swift; sourceTree = "<group>"; };
		CCBFE4DF11A6553DAE9E4C95 /* TeeMetrics.entitlements */ = {isa = PBXFileReference; lastKnownFileType = text.plist.entitlements; path = TeeMetrics.entitlements; sourceTree = "<group>"; };
		D7E4E9D682ED4B7E2F819219 /* ClubRecommendation.swift */ = {isa = PBXFileReference; lastKnownFileType = sourcecode.swift; path = ClubRecommendation.swift; sourceTree = "<group>"; };
		DD0AD36A488F32B7D0FB714B /* CloudKitCourseService.swift */ = {isa = PBXFileReference; lastKnownFileType = sourcecode.swift; path = CloudKitCourseService.swift; sourceTree = "<group>"; };
		E0E0864A0A1222C09AD60F17 /* BundledCourseImporter.swift */ = {isa = PBXFileReference; lastKnownFileType = sourcecode.swift; path = BundledCourseImporter.swift; sourceTree = "<group>"; };
		E74F776DBCE695F7DE7EB0F6 /* Info.plist */ = {isa = PBXFileReference; lastKnownFileType = text.plist; path = Info.plist; sourceTree = "<group>"; };
		E9C330B5A5D61F4900D7680F /* TeeMetricsApp.swift */ = {isa = PBXFileReference; lastKnownFileType = sourcecode.swift; path = TeeMetricsApp.swift; sourceTree = "<group>"; };
		FFB79DB0BD05A615E7380040 /* StatsView.swift */ = {isa = PBXFileReference; lastKnownFileType = sourcecode.swift; path = StatsView.swift; sourceTree = "<group>"; };
/* End PBXFileReference section */

/* Begin PBXGroup section */
		0555C7EE88B6FF04F7EDCCEC /* Widgets */ = {
			isa = PBXGroup;
			children = (
				E74F776DBCE695F7DE7EB0F6 /* Info.plist */,
				CC7B4C190364C0C2E910725D /* TeeMetricsWidgets.swift */,
			);
			path = Widgets;
			sourceTree = "<group>";
		};
		175B5EEB70F7D10F8C43ECE4 /* History */ = {
			isa = PBXGroup;
			children = (
				1E6000A36E6B7872064483C3 /* RoundDetailView.swift */,
				3C74CEFE744F3F9DB38F52ED /* RoundHistoryView.swift */,
			);
			path = History;
			sourceTree = "<group>";
		};
		1F28FB45DC67054D14157AD0 /* Extensions */ = {
			isa = PBXGroup;
			children = (
				C80A206D0B492A2CB0B20E5A /* Animations.swift */,
				A166A18E04C2B2B377F655B7 /* Constants.swift */,
				288E5CC01898AA4A21C80BB9 /* Extensions.swift */,
				6F99AB047548AF301A8D9819 /* Theme.swift */,
			);
			path = Extensions;
			sourceTree = "<group>";
		};
		20AE04D0A3FB5C99E8A39DDA /* Round */ = {
			isa = PBXGroup;
			children = (
				73A8C1587193132A05CCB37E /* AddCourseView.swift */,
				064E3F0B0907FB9D73CD9F22 /* NewRoundView.swift */,
				04FC946F915EFE4E11A39C4F /* PracticeView.swift */,
				48CF769177934A484B86903D /* RoundCelebrationView.swift */,
			);
			path = Round;
			sourceTree = "<group>";
		};
		2C08AA3E66415261C18C9902 /* Resources */ = {
			isa = PBXGroup;
			children = (
				166675E65E6D205C665D0547 /* Assets.xcassets */,
				689F7B879498357465071C63 /* courses.json */,
				B8E5637555D1FE5D84F9031D /* LaunchScreen.storyboard */,
			);
			path = Resources;
			sourceTree = "<group>";
		};
		346B72A25DF4A06A67D1F016 /* Views */ = {
			isa = PBXGroup;
			children = (
				1AD59C5DDF2848A4B66C1897 /* WatchRoundView.swift */,
			);
			path = Views;
			sourceTree = "<group>";
		};
		696EDFAF1C132339D4C93757 /* Services */ = {
			isa = PBXGroup;
			children = (
				115EF93430995F29C9CA56F0 /* AchievementsManager.swift */,
				5626AA1A763543128A03335F /* AppIntents.swift */,
				E0E0864A0A1222C09AD60F17 /* BundledCourseImporter.swift */,
				DD0AD36A488F32B7D0FB714B /* CloudKitCourseService.swift */,
				D7E4E9D682ED4B7E2F819219 /* ClubRecommendation.swift */,
				62BC17E082D0FAEDC95F5FA2 /* CourseDetection.swift */,
				3AFE15565C73F6641AEA2F1D /* GatingManager.swift */,
				A66AB2BD1DE56F36BD3468DF /* NotificationManager.swift */,
				0723E1E4CC2E621F4C7C7ABF /* PDFReportGenerator.swift */,
				8498D563D458B0F9B4A7F746 /* RoundCardRenderer.swift */,
				8AE83875DB167C65DBE9DF1D /* SampleDataSeeder.swift */,
				43C57B7D5554776D69355AD6 /* StatsCalculator.swift */,
				2D4DAC4803D4149B36478C0E /* SubscriptionManager.swift */,
				431A3F8906A96BB5D387ACBC /* WidgetDataWriter.swift */,
			);
			path = Services;
			sourceTree = "<group>";
		};
		6BA5B79DB0CB338E51A439EC /* Onboarding */ = {
			isa = PBXGroup;
			children = (
				B2BCA28310C4C023DFD03C1C /* OnboardingView.swift */,
			);
			path = Onboarding;
			sourceTree = "<group>";
		};
		701B2E66205679325411BF09 /* Products */ = {
			isa = PBXGroup;
			children = (
				59F3D25914441BF01FC9CE66 /* TeeMetrics.app */,
				5A2BF81790B4EC2CB0B59DE3 /* TeeMetricsWatch.app */,
				612A61F79CA05F29B9411A9D /* TeeMetricsWidgets.appex */,
			);
			name = Products;
			sourceTree = "<group>";
		};
		764CF2B48AF683370CFE4DE2 /* Course */ = {
			isa = PBXGroup;
			children = (
				25E232E3A02DF5CD3BDE52E1 /* BundledCourseBrowser.swift */,
				8C0A9424E58BA01F0DF68899 /* CommunityCourseBrowser.swift */,
				9D4786DB8082A8DDE0DAB2E4 /* CourseLibraryView.swift */,
				09B98F37A7BF6FBE12730180 /* HoleGPSEditorView.swift */,
			);
			path = Course;
			sourceTree = "<group>";
		};
		7CAB077B539735B14F35D8E7 /* App */ = {
			isa = PBXGroup;
			children = (
				C5C427A86C9C46F5B7A5FD33 /* TeeMetricsWatchApp.swift */,
			);
			path = App;
			sourceTree = "<group>";
		};
		8723B39B659CF6FC9499B26C /* Settings */ = {
			isa = PBXGroup;
			children = (
				8D67048F5FDC6701B69E25AD /* SettingsView.swift */,
				AAFDE08744C21085993E4FCF /* SubscriptionView.swift */,
			);
			path = Settings;
			sourceTree = "<group>";
		};
		928D807DC617F72A870E0136 /* App */ = {
			isa = PBXGroup;
			children = (
				9BF7C29AF33F8FDC0759CBDF /* MainTabView.swift */,
				E9C330B5A5D61F4900D7680F /* TeeMetricsApp.swift */,
			);
			path = App;
			sourceTree = "<group>";
		};
		A5F3756C7E47B120EFA63BA6 /* TeeMetricsWatch */ = {
			isa = PBXGroup;
			children = (
				7CAB077B539735B14F35D8E7 /* App */,
				346B72A25DF4A06A67D1F016 /* Views */,
			);
			path = TeeMetricsWatch;
			sourceTree = "<group>";
		};
		AB5D2E3F6FDD6384578BDA57 /* Views */ = {
			isa = PBXGroup;
			children = (
				CD98549A3B3FBC357594EB52 /* Bag */,
				764CF2B48AF683370CFE4DE2 /* Course */,
				C9AF0ED55568A4874F3CDEBA /* Dashboard */,
				175B5EEB70F7D10F8C43ECE4 /* History */,
				F3EE616F833FB1499B3EB6BE /* LiveRound */,
				6BA5B79DB0CB338E51A439EC /* Onboarding */,
				20AE04D0A3FB5C99E8A39DDA /* Round */,
				8723B39B659CF6FC9499B26C /* Settings */,
				E213477A23D84ED3456E89C0 /* Stats */,
			);
			path = Views;
			sourceTree = "<group>";
		};
		C13FDFCACF17CC0BE9C98569 /* TeeMetrics */ = {
			isa = PBXGroup;
			children = (
				87C278164DB5A45EBB47B5B3 /* Info.plist */,
				CCBFE4DF11A6553DAE9E4C95 /* TeeMetrics.entitlements */,
				42F35D0AA82E2CA9AB7617D0 /* TeeMetricsWidgets.entitlements */,
				928D807DC617F72A870E0136 /* App */,
				1F28FB45DC67054D14157AD0 /* Extensions */,
				E06586AFA0748CF0EF8277B8 /* Models */,
				2C08AA3E66415261C18C9902 /* Resources */,
				696EDFAF1C132339D4C93757 /* Services */,
				AB5D2E3F6FDD6384578BDA57 /* Views */,
				0555C7EE88B6FF04F7EDCCEC /* Widgets */,
			);
			path = TeeMetrics;
			sourceTree = "<group>";
		};
		C9AF0ED55568A4874F3CDEBA /* Dashboard */ = {
			isa = PBXGroup;
			children = (
				0346D649C3043D92F91A60A6 /* DashboardView.swift */,
			);
			path = Dashboard;
			sourceTree = "<group>";
		};
		CD98549A3B3FBC357594EB52 /* Bag */ = {
			isa = PBXGroup;
			children = (
				946CBD452C5A0EB3BE69D03B /* BagManagerView.swift */,
				562C093DB065549BD2C20BAB /* BagTemplatePicker.swift */,
			);
			path = Bag;
			sourceTree = "<group>";
		};
		E06586AFA0748CF0EF8277B8 /* Models */ = {
			isa = PBXGroup;
			children = (
				B8C18E0B201AF55357AA7748 /* Club.swift */,
				7E3F5564A186B01D3C1E24D5 /* Goal.swift */,
				8983552E94AAA741CC3682B1 /* GolfCourse.swift */,
				2E8EE5277514C2FB628CAD43 /* Golfer.swift */,
				1A190EA9FF0D364D76EBD2CB /* GolfRound.swift */,
				2DA0C2D68970929EC9227461 /* HoleEntry.swift */,
				4A4ED5C39AE90B750203D81B /* PracticeSession.swift */,
				3BF1584F6F81F572648D28F9 /* ShotEntry.swift */,
			);
			path = Models;
			sourceTree = "<group>";
		};
		E213477A23D84ED3456E89C0 /* Stats */ = {
			isa = PBXGroup;
			children = (
				BE40FC015A98200D67B52F73 /* AchievementsView.swift */,
				A05A1091D0BC5B92DF719F5F /* GoalsView.swift */,
				93FAE70CF37F6F93BA65B3DB /* RoundComparisonView.swift */,
				FFB79DB0BD05A615E7380040 /* StatsView.swift */,
			);
			path = Stats;
			sourceTree = "<group>";
		};
		F3EE616F833FB1499B3EB6BE /* LiveRound */ = {
			isa = PBXGroup;
			children = (
				2029C41CF9132780745EFDC1 /* HoleLoggerView.swift */,
				64407A2DF6F639AF6C7D8A96 /* LiveRoundView.swift */,
				14960CBB7F4FF76DF2E25F53 /* ShotTrackerView.swift */,
			);
			path = LiveRound;
			sourceTree = "<group>";
		};
		F9B124325F04CB1650EF487A = {
			isa = PBXGroup;
			children = (
				C13FDFCACF17CC0BE9C98569 /* TeeMetrics */,
				A5F3756C7E47B120EFA63BA6 /* TeeMetricsWatch */,
				701B2E66205679325411BF09 /* Products */,
			);
			sourceTree = "<group>";
		};
/* End PBXGroup section */

/* Begin PBXNativeTarget section */
		1878064B5D0587456D1D270C /* TeeMetrics */ = {
			isa = PBXNativeTarget;
			buildConfigurationList = 36CB02DF5CA5250CEA2A27B1 /* Build configuration list for PBXNativeTarget "TeeMetrics" */;
			buildPhases = (
				B42429A45B632E35C10B86E2 /* Sources */,
				923994348F87A81AD956346F /* Resources */,
				BBC0E5B77637D20D0B2B9908 /* Embed Foundation Extensions */,
				1CE3374845E0DD370EB03732 /* Embed Watch Content */,
			);
			buildRules = (
			);
			dependencies = (
				13C4E4211DF08114083991B8 /* PBXTargetDependency */,
				87D97C6C1506E558E7B7C12F /* PBXTargetDependency */,
			);
			name = TeeMetrics;
			packageProductDependencies = (
			);
			productName = TeeMetrics;
			productReference = 59F3D25914441BF01FC9CE66 /* TeeMetrics.app */;
			productType = "com.apple.product-type.application";
		};
		384AA19374E12311167D6182 /* TeeMetricsWidgets */ = {
			isa = PBXNativeTarget;
			buildConfigurationList = 8F8DAA3DB2E8C665E53EB651 /* Build configuration list for PBXNativeTarget "TeeMetricsWidgets" */;
			buildPhases = (
				A160E8F390BF0B445FA7DDAC /* Sources */,
			);
			buildRules = (
			);
			dependencies = (
			);
			name = TeeMetricsWidgets;
			packageProductDependencies = (
			);
			productName = TeeMetricsWidgets;
			productReference = 612A61F79CA05F29B9411A9D /* TeeMetricsWidgets.appex */;
			productType = "com.apple.product-type.app-extension";
		};
		E897F372C6E918DCAA9264E5 /* TeeMetricsWatch */ = {
			isa = PBXNativeTarget;
			buildConfigurationList = 4546BCFCC2F7FA1843998882 /* Build configuration list for PBXNativeTarget "TeeMetricsWatch" */;
			buildPhases = (
				0658A96B74847375595030C5 /* Sources */,
			);
			buildRules = (
			);
			dependencies = (
			);
			name = TeeMetricsWatch;
			packageProductDependencies = (
			);
			productName = TeeMetricsWatch;
			productReference = 5A2BF81790B4EC2CB0B59DE3 /* TeeMetricsWatch.app */;
			productType = "com.apple.product-type.application";
		};
/* End PBXNativeTarget section */

/* Begin PBXProject section */
		092061C5D0D8460B07917F33 /* Project object */ = {
			isa = PBXProject;
			attributes = {
				BuildIndependentTargetsInParallel = YES;
				LastUpgradeCheck = 2630;
			};
			buildConfigurationList = 4E6EF65A2D55CDEE494178B4 /* Build configuration list for PBXProject "TeeMetrics" */;
			developmentRegion = en;
			hasScannedForEncodings = 0;
			knownRegions = (
				Base,
				en,
			);
			mainGroup = F9B124325F04CB1650EF487A;
			minimizedProjectReferenceProxies = 1;
			preferredProjectObjectVersion = 77;
			productRefGroup = 701B2E66205679325411BF09 /* Products */;
			projectDirPath = "";
			projectRoot = "";
			targets = (
				1878064B5D0587456D1D270C /* TeeMetrics */,
				E897F372C6E918DCAA9264E5 /* TeeMetricsWatch */,
				384AA19374E12311167D6182 /* TeeMetricsWidgets */,
			);
		};
/* End PBXProject section */

/* Begin PBXResourcesBuildPhase section */
		923994348F87A81AD956346F /* Resources */ = {
			isa = PBXResourcesBuildPhase;
			buildActionMask = 2147483647;
			files = (
				0B6E544AB55D771794DF55C7 /* Assets.xcassets in Resources */,
				C12F6FB2194D97E4250EAC50 /* LaunchScreen.storyboard in Resources */,
				6874A96CD56CA1A72C4277E7 /* courses.json in Resources */,
			);
			runOnlyForDeploymentPostprocessing = 0;
		};
/* End PBXResourcesBuildPhase section */

/* Begin PBXSourcesBuildPhase section */
		0658A96B74847375595030C5 /* Sources */ = {
			isa = PBXSourcesBuildPhase;
			buildActionMask = 2147483647;
			files = (
				70203590CA6EA1B4BB171F14 /* TeeMetricsWatchApp.swift in Sources */,
				25DD465A0D8B9E5B44B2E967 /* WatchRoundView.swift in Sources */,
			);
			runOnlyForDeploymentPostprocessing = 0;
		};
		A160E8F390BF0B445FA7DDAC /* Sources */ = {
			isa = PBXSourcesBuildPhase;
			buildActionMask = 2147483647;
			files = (
				2A44232C8D91B167D6E43330 /* TeeMetricsWidgets.swift in Sources */,
			);
			runOnlyForDeploymentPostprocessing = 0;
		};
		B42429A45B632E35C10B86E2 /* Sources */ = {
			isa = PBXSourcesBuildPhase;
			buildActionMask = 2147483647;
			files = (
				C76AADBBC73BADEA8DF3E5B6 /* AchievementsManager.swift in Sources */,
				22C18033DC9AFDF36BB80435 /* AchievementsView.swift in Sources */,
				88D9B2385A6101009B038ABB /* AddCourseView.swift in Sources */,
				0A0357AEED722B6287D4423B /* Animations.swift in Sources */,
				CDEF46FDAE6F1062F6E41BF8 /* AppIntents.swift in Sources */,
				388DC91EA8C6040F76EF0656 /* BagManagerView.swift in Sources */,
				DC86E5E963D7B2E959205D96 /* BagTemplatePicker.swift in Sources */,
				1F77E15EBD32E90DC2AC0B43 /* BundledCourseBrowser.swift in Sources */,
				AE5AEAB2357484D427DD4C0C /* BundledCourseImporter.swift in Sources */,
				6E55FD98FD809081C7187D03 /* CloudKitCourseService.swift in Sources */,
				A16E72AC8ADFCFD99143E59D /* Club.swift in Sources */,
				DF7F314AB8BD6170D4D1114F /* ClubRecommendation.swift in Sources */,
				1BF477BC907BA487574FF8A6 /* CommunityCourseBrowser.swift in Sources */,
				9D8800F2093823FA7595ED5C /* Constants.swift in Sources */,
				5299670E55D4E43E02C90DB5 /* CourseDetection.swift in Sources */,
				46411A9E2143D85E77D09D31 /* CourseLibraryView.swift in Sources */,
				B19811225D449DC338534A02 /* DashboardView.swift in Sources */,
				DB4ABB6F96D2A844C37C7BFD /* Extensions.swift in Sources */,
				5F4C6E3D8A6AACBE476BA620 /* GatingManager.swift in Sources */,
				0FFB7002E279218FA378B8DA /* Goal.swift in Sources */,
				51EB6413E6D266D4631922AF /* GoalsView.swift in Sources */,
				D135781E9EAC3F471C2DA272 /* GolfCourse.swift in Sources */,
				0277F30E96C220D3B1D440FA /* GolfRound.swift in Sources */,
				FF64EB26E403A772D293DA48 /* Golfer.swift in Sources */,
				62BD9DDB6BC7C14AF5962078 /* HoleEntry.swift in Sources */,
				AC64EF39D78387E5155C91B1 /* HoleGPSEditorView.swift in Sources */,
				0F1A94B5E5BF69B6DD6E89DA /* HoleLoggerView.swift in Sources */,
				7E9924B52BA84832F1E0BA1F /* LiveRoundView.swift in Sources */,
				9CA4B22793F4F03629CB6106 /* MainTabView.swift in Sources */,
				C05B8BB80AE8221592DF70DD /* NewRoundView.swift in Sources */,
				0C7EB7D590152659FC009353 /* NotificationManager.swift in Sources */,
				B8ECD1B2E20D68575CDD2ABB /* OnboardingView.swift in Sources */,
				7E0D533E0BD67EC4CC30DC4A /* PDFReportGenerator.swift in Sources */,
				F46F208163FACAC49215C833 /* PracticeSession.swift in Sources */,
				068BC027F5B7AF9670852DD7 /* PracticeView.swift in Sources */,
				2F514EDFCB64BF6D36EA2287 /* RoundCardRenderer.swift in Sources */,
				BD099EC3995B86DF0131D533 /* RoundCelebrationView.swift in Sources */,
				19D43025DAEA6DE6C08454DC /* RoundComparisonView.swift in Sources */,
				32CC67682FF762B5ABC4E1A1 /* RoundDetailView.swift in Sources */,
				C2A5D4B40C6A29D52236412C /* RoundHistoryView.swift in Sources */,
				E9A02288CC40A7E1D331898A /* SampleDataSeeder.swift in Sources */,
				542C9D1FDF22494B117F7F06 /* SettingsView.swift in Sources */,
				AED7DA454C8F564199DBD3D4 /* ShotEntry.swift in Sources */,
				19BC178DDC6A13522B11B8EF /* ShotTrackerView.swift in Sources */,
				7101ED0F431CE97AEF78814E /* StatsCalculator.swift in Sources */,
				1F5237529F9253B4A7748785 /* StatsView.swift in Sources */,
				E4F1EF70E831E3CA6D29AA4D /* SubscriptionManager.swift in Sources */,
				0B95FE8551D22C4C84210197 /* SubscriptionView.swift in Sources */,
				69EB937E9A5F9523FB4920F6 /* TeeMetricsApp.swift in Sources */,
				69D183CE643FCF0F2B555F0D /* Theme.swift in Sources */,
				1613B5D8B337B3F882223B4E /* WidgetDataWriter.swift in Sources */,
			);
			runOnlyForDeploymentPostprocessing = 0;
		};
/* End PBXSourcesBuildPhase section */

/* Begin PBXTargetDependency section */
		13C4E4211DF08114083991B8 /* PBXTargetDependency */ = {
			isa = PBXTargetDependency;
			target = 384AA19374E12311167D6182 /* TeeMetricsWidgets */;
			targetProxy = 3E450E851BA2FB69E2C8BCE0 /* PBXContainerItemProxy */;
		};
		87D97C6C1506E558E7B7C12F /* PBXTargetDependency */ = {
			isa = PBXTargetDependency;
			target = E897F372C6E918DCAA9264E5 /* TeeMetricsWatch */;
			targetProxy = 30209A567B65AE3C5690D7B6 /* PBXContainerItemProxy */;
		};
/* End PBXTargetDependency section */

/* Begin XCBuildConfiguration section */
		31E119EBAA2B677B411C1085 /* Debug */ = {
			isa = XCBuildConfiguration;
			buildSettings = {
				ASSETCATALOG_COMPILER_APPICON_NAME = AppIcon;
				DEVELOPMENT_TEAM = KLSZXFN257;
				GENERATE_INFOPLIST_FILE = YES;
				INFOPLIST_KEY_WKApplication = YES;
				INFOPLIST_KEY_WKCompanionAppBundleIdentifier = com.teemetrics.app.TeeMetrics;
				PRODUCT_BUNDLE_IDENTIFIER = com.teemetrics.app.TeeMetrics.watchkitapp;
				SDKROOT = watchos;
				SKIP_INSTALL = YES;
				TARGETED_DEVICE_FAMILY = 4;
				WATCHOS_DEPLOYMENT_TARGET = 10.0;
			};
			name = Debug;
		};
		49B765254B1428F2FFAF833E /* Debug */ = {
			isa = XCBuildConfiguration;
			buildSettings = {
				ALWAYS_SEARCH_USER_PATHS = NO;
				ASSETCATALOG_COMPILER_GENERATE_SWIFT_ASSET_SYMBOL_EXTENSIONS = YES;
				CLANG_ANALYZER_NONNULL = YES;
				CLANG_ANALYZER_NUMBER_OBJECT_CONVERSION = YES_AGGRESSIVE;
				CLANG_CXX_LANGUAGE_STANDARD = "gnu++14";
				CLANG_CXX_LIBRARY = "libc++";
				CLANG_ENABLE_MODULES = YES;
				CLANG_ENABLE_OBJC_ARC = YES;
				CLANG_ENABLE_OBJC_WEAK = YES;
				CLANG_WARN_BLOCK_CAPTURE_AUTORELEASING = YES;
				CLANG_WARN_BOOL_CONVERSION = YES;
				CLANG_WARN_COMMA = YES;
				CLANG_WARN_CONSTANT_CONVERSION = YES;
				CLANG_WARN_DEPRECATED_OBJC_IMPLEMENTATIONS = YES;
				CLANG_WARN_DIRECT_OBJC_ISA_USAGE = YES_ERROR;
				CLANG_WARN_DOCUMENTATION_COMMENTS = YES;
				CLANG_WARN_EMPTY_BODY = YES;
				CLANG_WARN_ENUM_CONVERSION = YES;
				CLANG_WARN_INFINITE_RECURSION = YES;
				CLANG_WARN_INT_CONVERSION = YES;
				CLANG_WARN_NON_LITERAL_NULL_CONVERSION = YES;
				CLANG_WARN_OBJC_IMPLICIT_RETAIN_SELF = YES;
				CLANG_WARN_OBJC_LITERAL_CONVERSION = YES;
				CLANG_WARN_OBJC_ROOT_CLASS = YES_ERROR;
				CLANG_WARN_QUOTED_INCLUDE_IN_FRAMEWORK_HEADER = YES;
				CLANG_WARN_RANGE_LOOP_ANALYSIS = YES;
				CLANG_WARN_STRICT_PROTOTYPES = YES;
				CLANG_WARN_SUSPICIOUS_MOVE = YES;
				CLANG_WARN_UNGUARDED_AVAILABILITY = YES_AGGRESSIVE;
				CLANG_WARN_UNREACHABLE_CODE = YES;
				CLANG_WARN__DUPLICATE_METHOD_MATCH = YES;
				COPY_PHASE_STRIP = NO;
				DEAD_CODE_STRIPPING = YES;
				DEBUG_INFORMATION_FORMAT = dwarf;
				DEVELOPMENT_TEAM = RNPXAXRSJV;
				ENABLE_STRICT_OBJC_MSGSEND = YES;
				ENABLE_TESTABILITY = YES;
				ENABLE_USER_SCRIPT_SANDBOXING = NO;
				GCC_C_LANGUAGE_STANDARD = gnu11;
				GCC_DYNAMIC_NO_PIC = NO;
				GCC_NO_COMMON_BLOCKS = YES;
				GCC_OPTIMIZATION_LEVEL = 0;
				GCC_PREPROCESSOR_DEFINITIONS = (
					"$(inherited)",
					"DEBUG=1",
				);
				GCC_WARN_64_TO_32_BIT_CONVERSION = YES;
				GCC_WARN_ABOUT_RETURN_TYPE = YES_ERROR;
				GCC_WARN_UNDECLARED_SELECTOR = YES;
				GCC_WARN_UNINITIALIZED_AUTOS = YES_AGGRESSIVE;
				GCC_WARN_UNUSED_FUNCTION = YES;
				GCC_WARN_UNUSED_VARIABLE = YES;
				IPHONEOS_DEPLOYMENT_TARGET = 17.0;
				MTL_ENABLE_DEBUG_INFO = INCLUDE_SOURCE;
				MTL_FAST_MATH = YES;
				ONLY_ACTIVE_ARCH = YES;
				PRODUCT_NAME = "$(TARGET_NAME)";
				STRING_CATALOG_GENERATE_SYMBOLS = YES;
				SWIFT_ACTIVE_COMPILATION_CONDITIONS = DEBUG;
				SWIFT_OPTIMIZATION_LEVEL = "-Onone";
				SWIFT_VERSION = 5.9;
				WATCHOS_DEPLOYMENT_TARGET = 10.0;
			};
			name = Debug;
		};
		599794611D0E9BBB9FEF4D71 /* Release */ = {
			isa = XCBuildConfiguration;
			buildSettings = {
				ASSETCATALOG_COMPILER_APPICON_NAME = AppIcon;
				DEVELOPMENT_TEAM = KLSZXFN257;
				GENERATE_INFOPLIST_FILE = YES;
				INFOPLIST_KEY_WKApplication = YES;
				INFOPLIST_KEY_WKCompanionAppBundleIdentifier = com.teemetrics.app.TeeMetrics;
				PRODUCT_BUNDLE_IDENTIFIER = com.teemetrics.app.TeeMetrics.watchkitapp;
				SDKROOT = watchos;
				SKIP_INSTALL = YES;
				TARGETED_DEVICE_FAMILY = 4;
				WATCHOS_DEPLOYMENT_TARGET = 10.0;
			};
			name = Release;
		};
		59E9366F54089F83B24A2F0A /* Release */ = {
			isa = XCBuildConfiguration;
			buildSettings = {
				ASSETCATALOG_COMPILER_APPICON_NAME = AppIcon;
				CODE_SIGN_ENTITLEMENTS = TeeMetrics/TeeMetrics.entitlements;
				CODE_SIGN_IDENTITY = "iPhone Developer";
				DEVELOPMENT_TEAM = KLSZXFN257;
				INFOPLIST_FILE = TeeMetrics/Info.plist;
				IPHONEOS_DEPLOYMENT_TARGET = 17.0;
				LD_RUNPATH_SEARCH_PATHS = (
					"$(inherited)",
					"@executable_path/Frameworks",
				);
				PRODUCT_BUNDLE_IDENTIFIER = com.teemetrics.app.TeeMetrics;
				SDKROOT = iphoneos;
				SUPPORTS_MACCATALYST = NO;
				TARGETED_DEVICE_FAMILY = "1,2";
			};
			name = Release;
		};
		5ECA185C87C27E244F537A5F /* Release */ = {
			isa = XCBuildConfiguration;
			buildSettings = {
				ALWAYS_SEARCH_USER_PATHS = NO;
				ASSETCATALOG_COMPILER_GENERATE_SWIFT_ASSET_SYMBOL_EXTENSIONS = YES;
				CLANG_ANALYZER_NONNULL = YES;
				CLANG_ANALYZER_NUMBER_OBJECT_CONVERSION = YES_AGGRESSIVE;
				CLANG_CXX_LANGUAGE_STANDARD = "gnu++14";
				CLANG_CXX_LIBRARY = "libc++";
				CLANG_ENABLE_MODULES = YES;
				CLANG_ENABLE_OBJC_ARC = YES;
				CLANG_ENABLE_OBJC_WEAK = YES;
				CLANG_WARN_BLOCK_CAPTURE_AUTORELEASING = YES;
				CLANG_WARN_BOOL_CONVERSION = YES;
				CLANG_WARN_COMMA = YES;
				CLANG_WARN_CONSTANT_CONVERSION = YES;
				CLANG_WARN_DEPRECATED_OBJC_IMPLEMENTATIONS = YES;
				CLANG_WARN_DIRECT_OBJC_ISA_USAGE = YES_ERROR;
				CLANG_WARN_DOCUMENTATION_COMMENTS = YES;
				CLANG_WARN_EMPTY_BODY = YES;
				CLANG_WARN_ENUM_CONVERSION = YES;
				CLANG_WARN_INFINITE_RECURSION = YES;
				CLANG_WARN_INT_CONVERSION = YES;
				CLANG_WARN_NON_LITERAL_NULL_CONVERSION = YES;
				CLANG_WARN_OBJC_IMPLICIT_RETAIN_SELF = YES;
				CLANG_WARN_OBJC_LITERAL_CONVERSION = YES;
				CLANG_WARN_OBJC_ROOT_CLASS = YES_ERROR;
				CLANG_WARN_QUOTED_INCLUDE_IN_FRAMEWORK_HEADER = YES;
				CLANG_WARN_RANGE_LOOP_ANALYSIS = YES;
				CLANG_WARN_STRICT_PROTOTYPES = YES;
				CLANG_WARN_SUSPICIOUS_MOVE = YES;
				CLANG_WARN_UNGUARDED_AVAILABILITY = YES_AGGRESSIVE;
				CLANG_WARN_UNREACHABLE_CODE = YES;
				CLANG_WARN__DUPLICATE_METHOD_MATCH = YES;
				COPY_PHASE_STRIP = NO;
				DEAD_CODE_STRIPPING = YES;
				DEBUG_INFORMATION_FORMAT = "dwarf-with-dsym";
				DEVELOPMENT_TEAM = RNPXAXRSJV;
				ENABLE_NS_ASSERTIONS = NO;
				ENABLE_STRICT_OBJC_MSGSEND = YES;
				ENABLE_USER_SCRIPT_SANDBOXING = NO;
				GCC_C_LANGUAGE_STANDARD = gnu11;
				GCC_NO_COMMON_BLOCKS = YES;
				GCC_WARN_64_TO_32_BIT_CONVERSION = YES;
				GCC_WARN_ABOUT_RETURN_TYPE = YES_ERROR;
				GCC_WARN_UNDECLARED_SELECTOR = YES;
				GCC_WARN_UNINITIALIZED_AUTOS = YES_AGGRESSIVE;
				GCC_WARN_UNUSED_FUNCTION = YES;
				GCC_WARN_UNUSED_VARIABLE = YES;
				IPHONEOS_DEPLOYMENT_TARGET = 17.0;
				MTL_ENABLE_DEBUG_INFO = NO;
				MTL_FAST_MATH = YES;
				PRODUCT_NAME = "$(TARGET_NAME)";
				STRING_CATALOG_GENERATE_SYMBOLS = YES;
				SWIFT_COMPILATION_MODE = wholemodule;
				SWIFT_OPTIMIZATION_LEVEL = "-O";
				SWIFT_VERSION = 5.9;
				WATCHOS_DEPLOYMENT_TARGET = 10.0;
			};
			name = Release;
		};
		C5A08B417A9750A319EC8C92 /* Release */ = {
			isa = XCBuildConfiguration;
			buildSettings = {
				CODE_SIGN_ENTITLEMENTS = TeeMetrics/TeeMetricsWidgets.entitlements;
				DEVELOPMENT_TEAM = KLSZXFN257;
				INFOPLIST_FILE = TeeMetrics/Widgets/Info.plist;
				IPHONEOS_DEPLOYMENT_TARGET = 17.0;
				LD_RUNPATH_SEARCH_PATHS = (
					"$(inherited)",
					"@executable_path/Frameworks",
					"@executable_path/../../Frameworks",
				);
				PRODUCT_BUNDLE_IDENTIFIER = com.teemetrics.app.TeeMetrics.TeeMetricsWidgets;
				SDKROOT = iphoneos;
				TARGETED_DEVICE_FAMILY = "1,2";
			};
			name = Release;
		};
		D1D532BF0F70BA73666E7FB3 /* Debug */ = {
			isa = XCBuildConfiguration;
			buildSettings = {
				CODE_SIGN_ENTITLEMENTS = TeeMetrics/TeeMetricsWidgets.entitlements;
				DEVELOPMENT_TEAM = KLSZXFN257;
				INFOPLIST_FILE = TeeMetrics/Widgets/Info.plist;
				IPHONEOS_DEPLOYMENT_TARGET = 17.0;
				LD_RUNPATH_SEARCH_PATHS = (
					"$(inherited)",
					"@executable_path/Frameworks",
					"@executable_path/../../Frameworks",
				);
				PRODUCT_BUNDLE_IDENTIFIER = com.teemetrics.app.TeeMetrics.TeeMetricsWidgets;
				SDKROOT = iphoneos;
				TARGETED_DEVICE_FAMILY = "1,2";
			};
			name = Debug;
		};
		ED633A26A11BD3129D091890 /* Debug */ = {
			isa = XCBuildConfiguration;
			buildSettings = {
				ASSETCATALOG_COMPILER_APPICON_NAME = AppIcon;
				CODE_SIGN_ENTITLEMENTS = TeeMetrics/TeeMetrics.entitlements;
				CODE_SIGN_IDENTITY = "iPhone Developer";
				DEVELOPMENT_TEAM = KLSZXFN257;
				INFOPLIST_FILE = TeeMetrics/Info.plist;
				IPHONEOS_DEPLOYMENT_TARGET = 17.0;
				LD_RUNPATH_SEARCH_PATHS = (
					"$(inherited)",
					"@executable_path/Frameworks",
				);
				PRODUCT_BUNDLE_IDENTIFIER = com.teemetrics.app.TeeMetrics;
				SDKROOT = iphoneos;
				SUPPORTS_MACCATALYST = NO;
				TARGETED_DEVICE_FAMILY = "1,2";
			};
			name = Debug;
		};
/* End XCBuildConfiguration section */

/* Begin XCConfigurationList section */
		36CB02DF5CA5250CEA2A27B1 /* Build configuration list for PBXNativeTarget "TeeMetrics" */ = {
			isa = XCConfigurationList;
			buildConfigurations = (
				ED633A26A11BD3129D091890 /* Debug */,
				59E9366F54089F83B24A2F0A /* Release */,
			);
			defaultConfigurationIsVisible = 0;
			defaultConfigurationName = Debug;
		};
		4546BCFCC2F7FA1843998882 /* Build configuration list for PBXNativeTarget "TeeMetricsWatch" */ = {
			isa = XCConfigurationList;
			buildConfigurations = (
				31E119EBAA2B677B411C1085 /* Debug */,
				599794611D0E9BBB9FEF4D71 /* Release */,
			);
			defaultConfigurationIsVisible = 0;
			defaultConfigurationName = Debug;
		};
		4E6EF65A2D55CDEE494178B4 /* Build configuration list for PBXProject "TeeMetrics" */ = {
			isa = XCConfigurationList;
			buildConfigurations = (
				49B765254B1428F2FFAF833E /* Debug */,
				5ECA185C87C27E244F537A5F /* Release */,
			);
			defaultConfigurationIsVisible = 0;
			defaultConfigurationName = Debug;
		};
		8F8DAA3DB2E8C665E53EB651 /* Build configuration list for PBXNativeTarget "TeeMetricsWidgets" */ = {
			isa = XCConfigurationList;
			buildConfigurations = (
				D1D532BF0F70BA73666E7FB3 /* Debug */,
				C5A08B417A9750A319EC8C92 /* Release */,
			);
			defaultConfigurationIsVisible = 0;
			defaultConfigurationName = Debug;
		};
/* End XCConfigurationList section */
	};
	rootObject = 092061C5D0D8460B07917F33 /* Project object */;
}
